
Microsoft Visual Studio Solution File, Format Version 12.00
Project("{FAE04EC0-301F-11D3-BF4B-00C04F79EFBC}") = "NpgsqlDataProtection", "NpgsqlDataProtection\NpgsqlDataProtection.csproj", "{4A8A2FC2-2291-476B-B255-9DF6B4FFAA83}"
EndProject
Project("{FAE04EC0-301F-11D3-BF4B-00C04F79EFBC}") = "NpgsqlDataProtection.Tests", "NpgsqlDataProtection.Tests\NpgsqlDataProtection.Tests.csproj", "{F964E697-3DE0-40C8-9AEB-C1B26390628F}"
EndProject
Global
	GlobalSection(SolutionConfigurationPlatforms) = preSolution
		Debug|Any CPU = Debug|Any CPU
		Release|Any CPU = Release|Any CPU
	EndGlobalSection
	GlobalSection(ProjectConfigurationPlatforms) = postSolution
		{4A8A2FC2-2291-476B-B255-9DF6B4FFAA83}.Debug|Any CPU.ActiveCfg = Debug|Any CPU
		{4A8A2FC2-2291-476B-B255-9DF6B4FFAA83}.Debug|Any CPU.Build.0 = Debug|Any CPU
		{4A8A2FC2-2291-476B-B255-9DF6B4FFAA83}.Release|Any CPU.ActiveCfg = Release|Any CPU
		{4A8A2FC2-2291-476B-B255-9DF6B4FFAA83}.Release|Any CPU.Build.0 = Release|Any CPU
		{F964E697-3DE0-40C8-9AEB-C1B26390628F}.Debug|Any CPU.ActiveCfg = Debug|Any CPU
		{F964E697-3DE0-40C8-9AEB-C1B26390628F}.Debug|Any CPU.Build.0 = Debug|Any CPU
		{F964E697-3DE0-40C8-9AEB-C1B26390628F}.Release|Any CPU.ActiveCfg = Release|Any CPU
		{F964E697-3DE0-40C8-9AEB-C1B26390628F}.Release|Any CPU.Build.0 = Release|Any CPU
	EndGlobalSection
EndGlobal
